// !$*UTF8*$!
{
	archiveVersion = 1;
	classes = {
	};
	objectVersion = 46;
	objects = {

/* Begin PBXBuildFile section */
		906D00031F356728003C7775 /* EGORefreshViewController.m in Sources */ = {isa = PBXBuildFile; fileRef = 906D00021F356728003C7775 /* EGORefreshViewController.m */; };
		906D00061F3568D6003C7775 /* EGORefreshView.m in Sources */ = {isa = PBXBuildFile; fileRef = 906D00051F3568D6003C7775 /* EGORefreshView.m */; };
		906D000A1F357711003C7775 /* M7TempDataGenerator.m in Sources */ = {isa = PBXBuildFile; fileRef = 906D00091F357711003C7775 /* M7TempDataGenerator.m */; };
		906D000E1F358E79003C7775 /* KVORefreshViewController.m in Sources */ = {isa = PBXBuildFile; fileRef = 906D000D1F358E79003C7775 /* KVORefreshViewController.m */; };
		906D00111F358E89003C7775 /* KVORefreshView.m in Sources */ = {isa = PBXBuildFile; fileRef = 906D00101F358E89003C7775 /* KVORefreshView.m */; };
		906D00151F35A09A003C7775 /* KVOLoadMoreViewController.m in Sources */ = {isa = PBXBuildFile; fileRef = 906D00141F35A09A003C7775 /* KVOLoadMoreViewController.m */; };
		906D00181F35A0AC003C7775 /* KVOLoadMoreView.m in Sources */ = {isa = PBXBuildFile; fileRef = 906D00171F35A0AC003C7775 /* KVOLoadMoreView.m */; };
		906D001C1F396DA5003C7775 /* RefreshViewController.m in Sources */ = {isa = PBXBuildFile; fileRef = 906D001B1F396DA5003C7775 /* RefreshViewController.m */; };
		906D001F1F396DC7003C7775 /* RefreshView.m in Sources */ = {isa = PBXBuildFile; fileRef = 906D001E1F396DC7003C7775 /* RefreshView.m */; };
		906DFFE71F355D9A003C7775 /* main.m in Sources */ = {isa = PBXBuildFile; fileRef = 906DFFE61F355D9A003C7775 /* main.m */; };
		906DFFEA1F355D9A003C7775 /* AppDelegate.m in Sources */ = {isa = PBXBuildFile; fileRef = 906DFFE91F355D9A003C7775 /* AppDelegate.m */; };
		906DFFED1F355D9A003C7775 /* ViewController.m in Sources */ = {isa = PBXBuildFile; fileRef = 906DFFEC1F355D9A003C7775 /* ViewController.m */; };
		906DFFF01F355D9A003C7775 /* Main.storyboard in Resources */ = {isa = PBXBuildFile; fileRef = 906DFFEE1F355D9A003C7775 /* Main.storyboard */; };
		906DFFF21F355D9A003C7775 /* Assets.xcassets in Resources */ = {isa = PBXBuildFile; fileRef = 906DFFF11F355D9A003C7775 /* Assets.xcassets */; };
		906DFFF51F355D9A003C7775 /* LaunchScreen.storyboard in Resources */ = {isa = PBXBuildFile; fileRef = 906DFFF31F355D9A003C7775 /* LaunchScreen.storyboard */; };
		90D2AA581F397292005CB22B /* KVOAutoLoadMoreView.m in Sources */ = {isa = PBXBuildFile; fileRef = 90D2AA571F397292005CB22B /* KVOAutoLoadMoreView.m */; };
		90D2AA5B1F397356005CB22B /* KVOAutoLoadMoreViewController.m in Sources */ = {isa = PBXBuildFile; fileRef = 90D2AA5A1F397356005CB22B /* KVOAutoLoadMoreViewController.m */; };
		9961F2131F42AC12003D8EFC /* ShorterThanScreenCanLoadMoreViewController.m in Sources */ = {isa = PBXBuildFile; fileRef = 9961F2121F42AC12003D8EFC /* ShorterThanScreenCanLoadMoreViewController.m */; };
		9961F2161F42AC25003D8EFC /* ShorterThanScreenCanLoadMoreView.m in Sources */ = {isa = PBXBuildFile; fileRef = 9961F2151F42AC25003D8EFC /* ShorterThanScreenCanLoadMoreView.m */; };
		9961F21E1F43EED6003D8EFC /* RefreshLoadMoreViewController.m in Sources */ = {isa = PBXBuildFile; fileRef = 9961F21D1F43EED6003D8EFC /* RefreshLoadMoreViewController.m */; };
		9961F2211F43F170003D8EFC /* GroupKVORefreshView.m in Sources */ = {isa = PBXBuildFile; fileRef = 9961F2201F43F170003D8EFC /* GroupKVORefreshView.m */; };
		9961F2241F43F187003D8EFC /* GroupKVOAutoLoadMoreView.m in Sources */ = {isa = PBXBuildFile; fileRef = 9961F2231F43F187003D8EFC /* GroupKVOAutoLoadMoreView.m */; };
		9961F2281F441EC1003D8EFC /* AlwaysBottomLoadMoreView.m in Sources */ = {isa = PBXBuildFile; fileRef = 9961F2271F441EC1003D8EFC /* AlwaysBottomLoadMoreView.m */; };
		9961F22B1F441ECD003D8EFC /* AlwaysBottomLoadMoreViewController.m in Sources */ = {isa = PBXBuildFile; fileRef = 9961F22A1F441ECD003D8EFC /* AlwaysBottomLoadMoreViewController.m */; };
		9961F22F1F442FFA003D8EFC /* HeaderFooterViewController.m in Sources */ = {isa = PBXBuildFile; fileRef = 9961F22E1F442FFA003D8EFC /* HeaderFooterViewController.m */; };
		9961F2321F44304D003D8EFC /* Header.m in Sources */ = {isa = PBXBuildFile; fileRef = 9961F2311F44304D003D8EFC /* Header.m */; };
		9961F2351F443057003D8EFC /* Footer.m in Sources */ = {isa = PBXBuildFile; fileRef = 9961F2341F443057003D8EFC /* Footer.m */; };
		9961F2381F443121003D8EFC /* HeaderKVORefreshView.m in Sources */ = {isa = PBXBuildFile; fileRef = 9961F2371F443121003D8EFC /* HeaderKVORefreshView.m */; };
		9961F23B1F443137003D8EFC /* FooterKVOAutoLoadMoreView.m in Sources */ = {isa = PBXBuildFile; fileRef = 9961F23A1F443137003D8EFC /* FooterKVOAutoLoadMoreView.m */; };
		99B067CF1F3B56960023C47E /* TestTableViewController.m in Sources */ = {isa = PBXBuildFile; fileRef = 99B067CE1F3B56960023C47E /* TestTableViewController.m */; };
		99B067D21F3B56B10023C47E /* ExtraView.m in Sources */ = {isa = PBXBuildFile; fileRef = 99B067D11F3B56B10023C47E /* ExtraView.m */; };
		99B067DC1F3C62910023C47E /* MultEndStatusLoadMoreViewController.m in Sources */ = {isa = PBXBuildFile; fileRef = 99B067DB1F3C62910023C47E /* MultEndStatusLoadMoreViewController.m */; };
		99B067DF1F3C62AF0023C47E /* MultEndStatusLoadMoreView.m in Sources */ = {isa = PBXBuildFile; fileRef = 99B067DE1F3C62AF0023C47E /* MultEndStatusLoadMoreView.m */; };
		99B067E31F3C8A7F0023C47E /* MultEndStatusRefreshView.m in Sources */ = {isa = PBXBuildFile; fileRef = 99B067E21F3C8A7F0023C47E /* MultEndStatusRefreshView.m */; };
		99B067E61F3C8A8A0023C47E /* MultEndStatusRefreshViewController.m in Sources */ = {isa = PBXBuildFile; fileRef = 99B067E51F3C8A8A0023C47E /* MultEndStatusRefreshViewController.m */; };
		99B067EA1F3D51170023C47E /* M2ScrollViewObserver.m in Sources */ = {isa = PBXBuildFile; fileRef = 99B067E91F3D51170023C47E /* M2ScrollViewObserver.m */; };
		99B067ED1F3D55060023C47E /* ObserverRefreshView.m in Sources */ = {isa = PBXBuildFile; fileRef = 99B067EC1F3D55060023C47E /* ObserverRefreshView.m */; };
		99B067F31F3D553D0023C47E /* ScrollObserverViewController.m in Sources */ = {isa = PBXBuildFile; fileRef = 99B067F21F3D553D0023C47E /* ScrollObserverViewController.m */; };
		99B067F71F3D60E30023C47E /* ObserverRefreshContentView.m in Sources */ = {isa = PBXBuildFile; fileRef = 99B067F61F3D60E30023C47E /* ObserverRefreshContentView.m */; };
/* End PBXBuildFile section */

/* Begin PBXFileReference section */
		906D00011F356728003C7775 /* EGORefreshViewController.h */ = {isa = PBXFileReference; fileEncoding = 4; lastKnownFileType = sourcecode.c.h; path = EGORefreshViewController.h; sourceTree = "<group>"; };
		906D00021F356728003C7775 /* EGORefreshViewController.m */ = {isa = PBXFileReference; fileEncoding = 4; lastKnownFileType = sourcecode.c.objc; path = EGORefreshViewController.m; sourceTree = "<group>"; };
		906D00041F3568D6003C7775 /* EGORefreshView.h */ = {isa = PBXFileReference; fileEncoding = 4; lastKnownFileType = sourcecode.c.h; path = EGORefreshView.h; sourceTree = "<group>"; };
		906D00051F3568D6003C7775 /* EGORefreshView.m */ = {isa = PBXFileReference; fileEncoding = 4; lastKnownFileType = sourcecode.c.objc; path = EGORefreshView.m; sourceTree = "<group>"; };
		906D00081F357711003C7775 /* M7TempDataGenerator.h */ = {isa = PBXFileReference; fileEncoding = 4; lastKnownFileType = sourcecode.c.h; path = M7TempDataGenerator.h; sourceTree = "<group>"; };
		906D00091F357711003C7775 /* M7TempDataGenerator.m */ = {isa = PBXFileReference; fileEncoding = 4; lastKnownFileType = sourcecode.c.objc; path = M7TempDataGenerator.m; sourceTree = "<group>"; };
		906D000C1F358E79003C7775 /* KVORefreshViewController.h */ = {isa = PBXFileReference; fileEncoding = 4; lastKnownFileType = sourcecode.c.h; path = KVORefreshViewController.h; sourceTree = "<group>"; };
		906D000D1F358E79003C7775 /* KVORefreshViewController.m */ = {isa = PBXFileReference; fileEncoding = 4; lastKnownFileType = sourcecode.c.objc; path = KVORefreshViewController.m; sourceTree = "<group>"; };
		906D000F1F358E89003C7775 /* KVORefreshView.h */ = {isa = PBXFileReference; fileEncoding = 4; lastKnownFileType = sourcecode.c.h; path = KVORefreshView.h; sourceTree = "<group>"; };
		906D00101F358E89003C7775 /* KVORefreshView.m */ = {isa = PBXFileReference; fileEncoding = 4; lastKnownFileType = sourcecode.c.objc; path = KVORefreshView.m; sourceTree = "<group>"; };
		906D00131F35A09A003C7775 /* KVOLoadMoreViewController.h */ = {isa = PBXFileReference; fileEncoding = 4; lastKnownFileType = sourcecode.c.h; path = KVOLoadMoreViewController.h; sourceTree = "<group>"; };
		906D00141F35A09A003C7775 /* KVOLoadMoreViewController.m */ = {isa = PBXFileReference; fileEncoding = 4; lastKnownFileType = sourcecode.c.objc; path = KVOLoadMoreViewController.m; sourceTree = "<group>"; };
		906D00161F35A0AC003C7775 /* KVOLoadMoreView.h */ = {isa = PBXFileReference; fileEncoding = 4; lastKnownFileType = sourcecode.c.h; path = KVOLoadMoreView.h; sourceTree = "<group>"; };
		906D00171F35A0AC003C7775 /* KVOLoadMoreView.m */ = {isa = PBXFileReference; fileEncoding = 4; lastKnownFileType = sourcecode.c.objc; path = KVOLoadMoreView.m; sourceTree = "<group>"; };
		906D001A1F396DA5003C7775 /* RefreshViewController.h */ = {isa = PBXFileReference; fileEncoding = 4; lastKnownFileType = sourcecode.c.h; path = RefreshViewController.h; sourceTree = "<group>"; };
		906D001B1F396DA5003C7775 /* RefreshViewController.m */ = {isa = PBXFileReference; fileEncoding = 4; lastKnownFileType = sourcecode.c.objc; path = RefreshViewController.m; sourceTree = "<group>"; };
		906D001D1F396DC7003C7775 /* RefreshView.h */ = {isa = PBXFileReference; fileEncoding = 4; lastKnownFileType = sourcecode.c.h; path = RefreshView.h; sourceTree = "<group>"; };
		906D001E1F396DC7003C7775 /* RefreshView.m */ = {isa = PBXFileReference; fileEncoding = 4; lastKnownFileType = sourcecode.c.objc; path = RefreshView.m; sourceTree = "<group>"; };
		906DFFE21F355D9A003C7775 /* MHelloListUI.app */ = {isa = PBXFileReference; explicitFileType = wrapper.application; includeInIndex = 0; path = MHelloListUI.app; sourceTree = BUILT_PRODUCTS_DIR; };
		906DFFE61F355D9A003C7775 /* main.m */ = {isa = PBXFileReference; lastKnownFileType = sourcecode.c.objc; path = main.m; sourceTree = "<group>"; };
		906DFFE81F355D9A003C7775 /* AppDelegate.h */ = {isa = PBXFileReference; lastKnownFileType = sourcecode.c.h; path = AppDelegate.h; sourceTree = "<group>"; };
		906DFFE91F355D9A003C7775 /* AppDelegate.m */ = {isa = PBXFileReference; lastKnownFileType = sourcecode.c.objc; path = AppDelegate.m; sourceTree = "<group>"; };
		906DFFEB1F355D9A003C7775 /* ViewController.h */ = {isa = PBXFileReference; lastKnownFileType = sourcecode.c.h; path = ViewController.h; sourceTree = "<group>"; };
		906DFFEC1F355D9A003C7775 /* ViewController.m */ = {isa = PBXFileReference; lastKnownFileType = sourcecode.c.objc; path = ViewController.m; sourceTree = "<group>"; };
		906DFFEF1F355D9A003C7775 /* Base */ = {isa = PBXFileReference; lastKnownFileType = file.storyboard; name = Base; path = Base.lproj/Main.storyboard; sourceTree = "<group>"; };
		906DFFF11F355D9A003C7775 /* Assets.xcassets */ = {isa = PBXFileReference; lastKnownFileType = folder.assetcatalog; path = Assets.xcassets; sourceTree = "<group>"; };
		906DFFF41F355D9A003C7775 /* Base */ = {isa = PBXFileReference; lastKnownFileType = file.storyboard; name = Base; path = Base.lproj/LaunchScreen.storyboard; sourceTree = "<group>"; };
		906DFFF61F355D9A003C7775 /* Info.plist */ = {isa = PBXFileReference; lastKnownFileType = text.plist.xml; path = Info.plist; sourceTree = "<group>"; };
		90D2AA561F397292005CB22B /* KVOAutoLoadMoreView.h */ = {isa = PBXFileReference; fileEncoding = 4; lastKnownFileType = sourcecode.c.h; path = KVOAutoLoadMoreView.h; sourceTree = "<group>"; };
		90D2AA571F397292005CB22B /* KVOAutoLoadMoreView.m */ = {isa = PBXFileReference; fileEncoding = 4; lastKnownFileType = sourcecode.c.objc; path = KVOAutoLoadMoreView.m; sourceTree = "<group>"; };
		90D2AA591F397356005CB22B /* KVOAutoLoadMoreViewController.h */ = {isa = PBXFileReference; fileEncoding = 4; lastKnownFileType = sourcecode.c.h; path = KVOAutoLoadMoreViewController.h; sourceTree = "<group>"; };
		90D2AA5A1F397356005CB22B /* KVOAutoLoadMoreViewController.m */ = {isa = PBXFileReference; fileEncoding = 4; lastKnownFileType = sourcecode.c.objc; path = KVOAutoLoadMoreViewController.m; sourceTree = "<group>"; };
		9961F2111F42AC12003D8EFC /* ShorterThanScreenCanLoadMoreViewController.h */ = {isa = PBXFileReference; fileEncoding = 4; lastKnownFileType = sourcecode.c.h; path = ShorterThanScreenCanLoadMoreViewController.h; sourceTree = "<group>"; };
		9961F2121F42AC12003D8EFC /* ShorterThanScreenCanLoadMoreViewController.m */ = {isa = PBXFileReference; fileEncoding = 4; lastKnownFileType = sourcecode.c.objc; path = ShorterThanScreenCanLoadMoreViewController.m; sourceTree = "<group>"; };
		9961F2141F42AC25003D8EFC /* ShorterThanScreenCanLoadMoreView.h */ = {isa = PBXFileReference; fileEncoding = 4; lastKnownFileType = sourcecode.c.h; path = ShorterThanScreenCanLoadMoreView.h; sourceTree = "<group>"; };
		9961F2151F42AC25003D8EFC /* ShorterThanScreenCanLoadMoreView.m */ = {isa = PBXFileReference; fileEncoding = 4; lastKnownFileType = sourcecode.c.objc; path = ShorterThanScreenCanLoadMoreView.m; sourceTree = "<group>"; };
		9961F21C1F43EED6003D8EFC /* RefreshLoadMoreViewController.h */ = {isa = PBXFileReference; fileEncoding = 4; lastKnownFileType = sourcecode.c.h; path = RefreshLoadMoreViewController.h; sourceTree = "<group>"; };
		9961F21D1F43EED6003D8EFC /* RefreshLoadMoreViewController.m */ = {isa = PBXFileReference; fileEncoding = 4; lastKnownFileType = sourcecode.c.objc; path = RefreshLoadMoreViewController.m; sourceTree = "<group>"; };
		9961F21F1F43F170003D8EFC /* GroupKVORefreshView.h */ = {isa = PBXFileReference; fileEncoding = 4; lastKnownFileType = sourcecode.c.h; path = GroupKVORefreshView.h; sourceTree = "<group>"; };
		9961F2201F43F170003D8EFC /* GroupKVORefreshView.m */ = {isa = PBXFileReference; fileEncoding = 4; lastKnownFileType = sourcecode.c.objc; path = GroupKVORefreshView.m; sourceTree = "<group>"; };
		9961F2221F43F187003D8EFC /* GroupKVOAutoLoadMoreView.h */ = {isa = PBXFileReference; fileEncoding = 4; lastKnownFileType = sourcecode.c.h; path = GroupKVOAutoLoadMoreView.h; sourceTree = "<group>"; };
		9961F2231F43F187003D8EFC /* GroupKVOAutoLoadMoreView.m */ = {isa = PBXFileReference; fileEncoding = 4; lastKnownFileType = sourcecode.c.objc; path = GroupKVOAutoLoadMoreView.m; sourceTree = "<group>"; };
		9961F2261F441EC1003D8EFC /* AlwaysBottomLoadMoreView.h */ = {isa = PBXFileReference; fileEncoding = 4; lastKnownFileType = sourcecode.c.h; path = AlwaysBottomLoadMoreView.h; sourceTree = "<group>"; };
		9961F2271F441EC1003D8EFC /* AlwaysBottomLoadMoreView.m */ = {isa = PBXFileReference; fileEncoding = 4; lastKnownFileType = sourcecode.c.objc; path = AlwaysBottomLoadMoreView.m; sourceTree = "<group>"; };
		9961F2291F441ECD003D8EFC /* AlwaysBottomLoadMoreViewController.h */ = {isa = PBXFileReference; fileEncoding = 4; lastKnownFileType = sourcecode.c.h; path = AlwaysBottomLoadMoreViewController.h; sourceTree = "<group>"; };
		9961F22A1F441ECD003D8EFC /* AlwaysBottomLoadMoreViewController.m */ = {isa = PBXFileReference; fileEncoding = 4; lastKnownFileType = sourcecode.c.objc; path = AlwaysBottomLoadMoreViewController.m; sourceTree = "<group>"; };
		9961F22D1F442FFA003D8EFC /* HeaderFooterViewController.h */ = {isa = PBXFileReference; fileEncoding = 4; lastKnownFileType = sourcecode.c.h; path = HeaderFooterViewController.h; sourceTree = "<group>"; };
		9961F22E1F442FFA003D8EFC /* HeaderFooterViewController.m */ = {isa = PBXFileReference; fileEncoding = 4; lastKnownFileType = sourcecode.c.objc; path = HeaderFooterViewController.m; sourceTree = "<group>"; };
		9961F2301F44304D003D8EFC /* Header.h */ = {isa = PBXFileReference; fileEncoding = 4; lastKnownFileType = sourcecode.c.h; path = Header.h; sourceTree = "<group>"; };
		9961F2311F44304D003D8EFC /* Header.m */ = {isa = PBXFileReference; fileEncoding = 4; lastKnownFileType = sourcecode.c.objc; path = Header.m; sourceTree = "<group>"; };
		9961F2331F443057003D8EFC /* Footer.h */ = {isa = PBXFileReference; fileEncoding = 4; lastKnownFileType = sourcecode.c.h; path = Footer.h; sourceTree = "<group>"; };
		9961F2341F443057003D8EFC /* Footer.m */ = {isa = PBXFileReference; fileEncoding = 4; lastKnownFileType = sourcecode.c.objc; path = Footer.m; sourceTree = "<group>"; };
		9961F2361F443121003D8EFC /* HeaderKVORefreshView.h */ = {isa = PBXFileReference; fileEncoding = 4; lastKnownFileType = sourcecode.c.h; path = HeaderKVORefreshView.h; sourceTree = "<group>"; };
		9961F2371F443121003D8EFC /* HeaderKVORefreshView.m */ = {isa = PBXFileReference; fileEncoding = 4; lastKnownFileType = sourcecode.c.objc; path = HeaderKVORefreshView.m; sourceTree = "<group>"; };
		9961F2391F443137003D8EFC /* FooterKVOAutoLoadMoreView.h */ = {isa = PBXFileReference; fileEncoding = 4; lastKnownFileType = sourcecode.c.h; path = FooterKVOAutoLoadMoreView.h; sourceTree = "<group>"; };
		9961F23A1F443137003D8EFC /* FooterKVOAutoLoadMoreView.m */ = {isa = PBXFileReference; fileEncoding = 4; lastKnownFileType = sourcecode.c.objc; path = FooterKVOAutoLoadMoreView.m; sourceTree = "<group>"; };
		99B067CD1F3B56960023C47E /* TestTableViewController.h */ = {isa = PBXFileReference; fileEncoding = 4; lastKnownFileType = sourcecode.c.h; path = TestTableViewController.h; sourceTree = "<group>"; };
		99B067CE1F3B56960023C47E /* TestTableViewController.m */ = {isa = PBXFileReference; fileEncoding = 4; lastKnownFileType = sourcecode.c.objc; path = TestTableViewController.m; sourceTree = "<group>"; };
		99B067D01F3B56B10023C47E /* ExtraView.h */ = {isa = PBXFileReference; fileEncoding = 4; lastKnownFileType = sourcecode.c.h; path = ExtraView.h; sourceTree = "<group>"; };
		99B067D11F3B56B10023C47E /* ExtraView.m */ = {isa = PBXFileReference; fileEncoding = 4; lastKnownFileType = sourcecode.c.objc; path = ExtraView.m; sourceTree = "<group>"; };
		99B067DA1F3C62910023C47E /* MultEndStatusLoadMoreViewController.h */ = {isa = PBXFileReference; fileEncoding = 4; lastKnownFileType = sourcecode.c.h; path = MultEndStatusLoadMoreViewController.h; sourceTree = "<group>"; };
		99B067DB1F3C62910023C47E /* MultEndStatusLoadMoreViewController.m */ = {isa = PBXFileReference; fileEncoding = 4; lastKnownFileType = sourcecode.c.objc; path = MultEndStatusLoadMoreViewController.m; sourceTree = "<group>"; };
		99B067DD1F3C62AF0023C47E /* MultEndStatusLoadMoreView.h */ = {isa = PBXFileReference; fileEncoding = 4; lastKnownFileType = sourcecode.c.h; path = MultEndStatusLoadMoreView.h; sourceTree = "<group>"; };
		99B067DE1F3C62AF0023C47E /* MultEndStatusLoadMoreView.m */ = {isa = PBXFileReference; fileEncoding = 4; lastKnownFileType = sourcecode.c.objc; path = MultEndStatusLoadMoreView.m; sourceTree = "<group>"; };
		99B067E11F3C8A7F0023C47E /* MultEndStatusRefreshView.h */ = {isa = PBXFileReference; fileEncoding = 4; lastKnownFileType = sourcecode.c.h; path = MultEndStatusRefreshView.h; sourceTree = "<group>"; };
		99B067E21F3C8A7F0023C47E /* MultEndStatusRefreshView.m */ = {isa = PBXFileReference; fileEncoding = 4; lastKnownFileType = sourcecode.c.objc; path = MultEndStatusRefreshView.m; sourceTree = "<group>"; };
		99B067E41F3C8A8A0023C47E /* MultEndStatusRefreshViewController.h */ = {isa = PBXFileReference; fileEncoding = 4; lastKnownFileType = sourcecode.c.h; path = MultEndStatusRefreshViewController.h; sourceTree = "<group>"; };
		99B067E51F3C8A8A0023C47E /* MultEndStatusRefreshViewController.m */ = {isa = PBXFileReference; fileEncoding = 4; lastKnownFileType = sourcecode.c.objc; path = MultEndStatusRefreshViewController.m; sourceTree = "<group>"; };
		99B067E81F3D51170023C47E /* M2ScrollViewObserver.h */ = {isa = PBXFileReference; fileEncoding = 4; lastKnownFileType = sourcecode.c.h; path = M2ScrollViewObserver.h; sourceTree = "<group>"; };
		99B067E91F3D51170023C47E /* M2ScrollViewObserver.m */ = {isa = PBXFileReference; fileEncoding = 4; lastKnownFileType = sourcecode.c.objc; path = M2ScrollViewObserver.m; sourceTree = "<group>"; };
		99B067EB1F3D55060023C47E /* ObserverRefreshView.h */ = {isa = PBXFileReference; fileEncoding = 4; lastKnownFileType = sourcecode.c.h; path = ObserverRefreshView.h; sourceTree = "<group>"; };
		99B067EC1F3D55060023C47E /* ObserverRefreshView.m */ = {isa = PBXFileReference; fileEncoding = 4; lastKnownFileType = sourcecode.c.objc; path = ObserverRefreshView.m; sourceTree = "<group>"; };
		99B067F11F3D553D0023C47E /* ScrollObserverViewController.h */ = {isa = PBXFileReference; fileEncoding = 4; lastKnownFileType = sourcecode.c.h; path = ScrollObserverViewController.h; sourceTree = "<group>"; };
		99B067F21F3D553D0023C47E /* ScrollObserverViewController.m */ = {isa = PBXFileReference; fileEncoding = 4; lastKnownFileType = sourcecode.c.objc; path = ScrollObserverViewController.m; sourceTree = "<group>"; };
		99B067F51F3D60E30023C47E /* ObserverRefreshContentView.h */ = {isa = PBXFileReference; fileEncoding = 4; lastKnownFileType = sourcecode.c.h; path = ObserverRefreshContentView.h; sourceTree = "<group>"; };
		99B067F61F3D60E30023C47E /* ObserverRefreshContentView.m */ = {isa = PBXFileReference; fileEncoding = 4; lastKnownFileType = sourcecode.c.objc; path = ObserverRefreshContentView.m; sourceTree = "<group>"; };
		99B067F81F3D61450023C47E /* ObserverRefreshContentViewProtocol.h */ = {isa = PBXFileReference; lastKnownFileType = sourcecode.c.h; path = ObserverRefreshContentViewProtocol.h; sourceTree = "<group>"; };
/* End PBXFileReference section */

/* Begin PBXFrameworksBuildPhase section */
		906DFFDF1F355D9A003C7775 /* Frameworks */ = {
			isa = PBXFrameworksBuildPhase;
			buildActionMask = 2147483647;
			files = (
			);
			runOnlyForDeploymentPostprocessing = 0;
		};
/* End PBXFrameworksBuildPhase section */

/* Begin PBXGroup section */
		906D00001F356719003C7775 /* EGORefresh */ = {
			isa = PBXGroup;
			children = (
				906D00011F356728003C7775 /* EGORefreshViewController.h */,
				906D00021F356728003C7775 /* EGORefreshViewController.m */,
				906D00041F3568D6003C7775 /* EGORefreshView.h */,
				906D00051F3568D6003C7775 /* EGORefreshView.m */,
			);
			name = EGORefresh;
			path = Sources/EGORefresh;
			sourceTree = "<group>";
		};
		906D00071F35770B003C7775 /* M2 */ = {
			isa = PBXGroup;
			children = (
				906D00081F357711003C7775 /* M7TempDataGenerator.h */,
				906D00091F357711003C7775 /* M7TempDataGenerator.m */,
				99B067E81F3D51170023C47E /* M2ScrollViewObserver.h */,
				99B067E91F3D51170023C47E /* M2ScrollViewObserver.m */,
			);
			name = M2;
			path = Sources/M2;
			sourceTree = "<group>";
		};
		906D000B1F358E65003C7775 /* KVORefresh */ = {
			isa = PBXGroup;
			children = (
				906D000C1F358E79003C7775 /* KVORefreshViewController.h */,
				906D000D1F358E79003C7775 /* KVORefreshViewController.m */,
				906D000F1F358E89003C7775 /* KVORefreshView.h */,
				906D00101F358E89003C7775 /* KVORefreshView.m */,
			);
			name = KVORefresh;
			path = Sources/KVORefresh;
			sourceTree = "<group>";
		};
		906D00121F35A08B003C7775 /* KVOLoadMore */ = {
			isa = PBXGroup;
			children = (
				906D00131F35A09A003C7775 /* KVOLoadMoreViewController.h */,
				906D00141F35A09A003C7775 /* KVOLoadMoreViewController.m */,
				906D00161F35A0AC003C7775 /* KVOLoadMoreView.h */,
				906D00171F35A0AC003C7775 /* KVOLoadMoreView.m */,
			);
			name = KVOLoadMore;
			path = Sources/KVOLoadMore;
			sourceTree = "<group>";
		};
		906D00191F396DA5003C7775 /* Refresh */ = {
			isa = PBXGroup;
			children = (
				906D001A1F396DA5003C7775 /* RefreshViewController.h */,
				906D001B1F396DA5003C7775 /* RefreshViewController.m */,
				906D001D1F396DC7003C7775 /* RefreshView.h */,
				906D001E1F396DC7003C7775 /* RefreshView.m */,
			);
			name = Refresh;
			path = Sources/Refresh;
			sourceTree = "<group>";
		};
		906DFFD91F355D9A003C7775 = {
			isa = PBXGroup;
			children = (
				906DFFE41F355D9A003C7775 /* MHelloListUI */,
				906DFFE31F355D9A003C7775 /* Products */,
			);
			sourceTree = "<group>";
		};
		906DFFE31F355D9A003C7775 /* Products */ = {
			isa = PBXGroup;
			children = (
				906DFFE21F355D9A003C7775 /* MHelloListUI.app */,
			);
			name = Products;
			sourceTree = "<group>";
		};
		906DFFE41F355D9A003C7775 /* MHelloListUI */ = {
			isa = PBXGroup;
			children = (
				906DFFE81F355D9A003C7775 /* AppDelegate.h */,
				906DFFE91F355D9A003C7775 /* AppDelegate.m */,
				906DFFEB1F355D9A003C7775 /* ViewController.h */,
				906DFFEC1F355D9A003C7775 /* ViewController.m */,
				906DFFEE1F355D9A003C7775 /* Main.storyboard */,
				906D00071F35770B003C7775 /* M2 */,
				99B067CC1F3B56960023C47E /* TestTableView */,
				906D00191F396DA5003C7775 /* Refresh */,
				906D00001F356719003C7775 /* EGORefresh */,
				906D000B1F358E65003C7775 /* KVORefresh */,
				906D00121F35A08B003C7775 /* KVOLoadMore */,
				90D2AA521F39724E005CB22B /* KVOAutoLoadMore */,
				99B067D91F3C62800023C47E /* MultEndStatusLoadMore */,
				99B067E01F3C8A700023C47E /* MultEndStatusRefresh */,
				99B067E71F3D505E0023C47E /* ScrollObserver */,
				9961F2101F42AB94003D8EFC /* ShorterThanScreenCanLoadMore */,
				9961F21B1F43EEC3003D8EFC /* RefreshLoadMore */,
				9961F2251F441E9D003D8EFC /* AlwaysBottomLoadMore */,
				9961F22C1F442FE9003D8EFC /* HeaderFooter */,
				906DFFF11F355D9A003C7775 /* Assets.xcassets */,
				906DFFF31F355D9A003C7775 /* LaunchScreen.storyboard */,
				906DFFF61F355D9A003C7775 /* Info.plist */,
				906DFFE51F355D9A003C7775 /* Supporting Files */,
			);
			path = MHelloListUI;
			sourceTree = "<group>";
		};
		906DFFE51F355D9A003C7775 /* Supporting Files */ = {
			isa = PBXGroup;
			children = (
				906DFFE61F355D9A003C7775 /* main.m */,
			);
			name = "Supporting Files";
			sourceTree = "<group>";
		};
		90D2AA521F39724E005CB22B /* KVOAutoLoadMore */ = {
			isa = PBXGroup;
			children = (
				90D2AA591F397356005CB22B /* KVOAutoLoadMoreViewController.h */,
				90D2AA5A1F397356005CB22B /* KVOAutoLoadMoreViewController.m */,
				90D2AA561F397292005CB22B /* KVOAutoLoadMoreView.h */,
				90D2AA571F397292005CB22B /* KVOAutoLoadMoreView.m */,
			);
			name = KVOAutoLoadMore;
			path = Sources/KVOAutoLoadMore;
			sourceTree = "<group>";
		};
		9961F2101F42AB94003D8EFC /* ShorterThanScreenCanLoadMore */ = {
			isa = PBXGroup;
			children = (
				9961F2111F42AC12003D8EFC /* ShorterThanScreenCanLoadMoreViewController.h */,
				9961F2121F42AC12003D8EFC /* ShorterThanScreenCanLoadMoreViewController.m */,
				9961F2141F42AC25003D8EFC /* ShorterThanScreenCanLoadMoreView.h */,
				9961F2151F42AC25003D8EFC /* ShorterThanScreenCanLoadMoreView.m */,
			);
			name = ShorterThanScreenCanLoadMore;
			path = Sources/ShorterThanScreenCanLoadMore;
			sourceTree = "<group>";
		};
		9961F21B1F43EEC3003D8EFC /* RefreshLoadMore */ = {
			isa = PBXGroup;
			children = (
				9961F21C1F43EED6003D8EFC /* RefreshLoadMoreViewController.h */,
				9961F21D1F43EED6003D8EFC /* RefreshLoadMoreViewController.m */,
				9961F21F1F43F170003D8EFC /* GroupKVORefreshView.h */,
				9961F2201F43F170003D8EFC /* GroupKVORefreshView.m */,
				9961F2221F43F187003D8EFC /* GroupKVOAutoLoadMoreView.h */,
				9961F2231F43F187003D8EFC /* GroupKVOAutoLoadMoreView.m */,
			);
			name = RefreshLoadMore;
			path = Sources/RefreshLoadMore;
			sourceTree = "<group>";
		};
		9961F2251F441E9D003D8EFC /* AlwaysBottomLoadMore */ = {
			isa = PBXGroup;
			children = (
				9961F2291F441ECD003D8EFC /* AlwaysBottomLoadMoreViewController.h */,
				9961F22A1F441ECD003D8EFC /* AlwaysBottomLoadMoreViewController.m */,
				9961F2261F441EC1003D8EFC /* AlwaysBottomLoadMoreView.h */,
				9961F2271F441EC1003D8EFC /* AlwaysBottomLoadMoreView.m */,
			);
			name = AlwaysBottomLoadMore;
			path = Sources/AlwaysBottomLoadMore;
			sourceTree = "<group>";
		};
		9961F22C1F442FE9003D8EFC /* HeaderFooter */ = {
			isa = PBXGroup;
			children = (
				9961F22D1F442FFA003D8EFC /* HeaderFooterViewController.h */,
				9961F22E1F442FFA003D8EFC /* HeaderFooterViewController.m */,
				9961F2361F443121003D8EFC /* HeaderKVORefreshView.h */,
				9961F2371F443121003D8EFC /* HeaderKVORefreshView.m */,
				9961F2301F44304D003D8EFC /* Header.h */,
				9961F2311F44304D003D8EFC /* Header.m */,
				9961F2391F443137003D8EFC /* FooterKVOAutoLoadMoreView.h */,
				9961F23A1F443137003D8EFC /* FooterKVOAutoLoadMoreView.m */,
				9961F2331F443057003D8EFC /* Footer.h */,
				9961F2341F443057003D8EFC /* Footer.m */,
			);
			name = HeaderFooter;
			path = Sources/HeaderFooter;
			sourceTree = "<group>";
		};
		99B067CC1F3B56960023C47E /* TestTableView */ = {
			isa = PBXGroup;
			children = (
				99B067CD1F3B56960023C47E /* TestTableViewController.h */,
				99B067CE1F3B56960023C47E /* TestTableViewController.m */,
				99B067D01F3B56B10023C47E /* ExtraView.h */,
				99B067D11F3B56B10023C47E /* ExtraView.m */,
			);
			name = TestTableView;
			path = Sources/TestTableView;
			sourceTree = "<group>";
		};
		99B067D91F3C62800023C47E /* MultEndStatusLoadMore */ = {
			isa = PBXGroup;
			children = (
				99B067DA1F3C62910023C47E /* MultEndStatusLoadMoreViewController.h */,
				99B067DB1F3C62910023C47E /* MultEndStatusLoadMoreViewController.m */,
				99B067DD1F3C62AF0023C47E /* MultEndStatusLoadMoreView.h */,
				99B067DE1F3C62AF0023C47E /* MultEndStatusLoadMoreView.m */,
			);
			name = MultEndStatusLoadMore;
			path = Sources/MultEndStatusLoadMore;
			sourceTree = "<group>";
		};
		99B067E01F3C8A700023C47E /* MultEndStatusRefresh */ = {
			isa = PBXGroup;
			children = (
				99B067E41F3C8A8A0023C47E /* MultEndStatusRefreshViewController.h */,
				99B067E51F3C8A8A0023C47E /* MultEndStatusRefreshViewController.m */,
				99B067E11F3C8A7F0023C47E /* MultEndStatusRefreshView.h */,
				99B067E21F3C8A7F0023C47E /* MultEndStatusRefreshView.m */,
			);
			name = MultEndStatusRefresh;
			path = Sources/MultEndStatusRefresh;
			sourceTree = "<group>";
		};
		99B067E71F3D505E0023C47E /* ScrollObserver */ = {
			isa = PBXGroup;
			children = (
				99B067F11F3D553D0023C47E /* ScrollObserverViewController.h */,
				99B067F21F3D553D0023C47E /* ScrollObserverViewController.m */,
				99B067EB1F3D55060023C47E /* ObserverRefreshView.h */,
				99B067EC1F3D55060023C47E /* ObserverRefreshView.m */,
				99B067F81F3D61450023C47E /* ObserverRefreshContentViewProtocol.h */,
				99B067F51F3D60E30023C47E /* ObserverRefreshContentView.h */,
				99B067F61F3D60E30023C47E /* ObserverRefreshContentView.m */,
			);
			name = ScrollObserver;
			path = Sources/ScrollObserver;
			sourceTree = "<group>";
		};
/* End PBXGroup section */

/* Begin PBXNativeTarget section */
		906DFFE11F355D9A003C7775 /* MHelloListUI */ = {
			isa = PBXNativeTarget;
			buildConfigurationList = 906DFFF91F355D9A003C7775 /* Build configuration list for PBXNativeTarget "MHelloListUI" */;
			buildPhases = (
				906DFFDE1F355D9A003C7775 /* Sources */,
				906DFFDF1F355D9A003C7775 /* Frameworks */,
				906DFFE01F355D9A003C7775 /* Resources */,
			);
			buildRules = (
			);
			dependencies = (
			);
			name = MHelloListUI;
			productName = MHelloListUI;
			productReference = 906DFFE21F355D9A003C7775 /* MHelloListUI.app */;
			productType = "com.apple.product-type.application";
		};
/* End PBXNativeTarget section */

/* Begin PBXProject section */
		906DFFDA1F355D9A003C7775 /* Project object */ = {
			isa = PBXProject;
			attributes = {
				LastUpgradeCheck = 0800;
				ORGANIZATIONNAME = chenms.m2;
				TargetAttributes = {
					906DFFE11F355D9A003C7775 = {
						CreatedOnToolsVersion = 8.0;
						ProvisioningStyle = Automatic;
					};
				};
			};
			buildConfigurationList = 906DFFDD1F355D9A003C7775 /* Build configuration list for PBXProject "MHelloListUI" */;
			compatibilityVersion = "Xcode 3.2";
			developmentRegion = English;
			hasScannedForEncodings = 0;
			knownRegions = (
				en,
				Base,
			);
			mainGroup = 906DFFD91F355D9A003C7775;
			productRefGroup = 906DFFE31F355D9A003C7775 /* Products */;
			projectDirPath = "";
			projectRoot = "";
			targets = (
				906DFFE11F355D9A003C7775 /* MHelloListUI */,
			);
		};
/* End PBXProject section */

/* Begin PBXResourcesBuildPhase section */
		906DFFE01F355D9A003C7775 /* Resources */ = {
			isa = PBXResourcesBuildPhase;
			buildActionMask = 2147483647;
			files = (
				906DFFF51F355D9A003C7775 /* LaunchScreen.storyboard in Resources */,
				906DFFF21F355D9A003C7775 /* Assets.xcassets in Resources */,
				906DFFF01F355D9A003C7775 /* Main.storyboard in Resources */,
			);
			runOnlyForDeploymentPostprocessing = 0;
		};
/* End PBXResourcesBuildPhase section */

/* Begin PBXSourcesBuildPhase section */
		906DFFDE1F355D9A003C7775 /* Sources */ = {
			isa = PBXSourcesBuildPhase;
			buildActionMask = 2147483647;
			files = (
				906DFFED1F355D9A003C7775 /* ViewController.m in Sources */,
				9961F2321F44304D003D8EFC /* Header.m in Sources */,
				9961F21E1F43EED6003D8EFC /* RefreshLoadMoreViewController.m in Sources */,
				906D00151F35A09A003C7775 /* KVOLoadMoreViewController.m in Sources */,
				9961F23B1F443137003D8EFC /* FooterKVOAutoLoadMoreView.m in Sources */,
				906D00061F3568D6003C7775 /* EGORefreshView.m in Sources */,
				90D2AA581F397292005CB22B /* KVOAutoLoadMoreView.m in Sources */,
				906D000E1F358E79003C7775 /* KVORefreshViewController.m in Sources */,
				99B067D21F3B56B10023C47E /* ExtraView.m in Sources */,
				9961F2281F441EC1003D8EFC /* AlwaysBottomLoadMoreView.m in Sources */,
				906D00111F358E89003C7775 /* KVORefreshView.m in Sources */,
				906DFFEA1F355D9A003C7775 /* AppDelegate.m in Sources */,
				99B067DC1F3C62910023C47E /* MultEndStatusLoadMoreViewController.m in Sources */,
				9961F2241F43F187003D8EFC /* GroupKVOAutoLoadMoreView.m in Sources */,
				906D001F1F396DC7003C7775 /* RefreshView.m in Sources */,
				9961F2131F42AC12003D8EFC /* ShorterThanScreenCanLoadMoreViewController.m in Sources */,
				9961F22F1F442FFA003D8EFC /* HeaderFooterViewController.m in Sources */,
				99B067E31F3C8A7F0023C47E /* MultEndStatusRefreshView.m in Sources */,
				906D000A1F357711003C7775 /* M7TempDataGenerator.m in Sources */,
				99B067DF1F3C62AF0023C47E /* MultEndStatusLoadMoreView.m in Sources */,
				99B067EA1F3D51170023C47E /* M2ScrollViewObserver.m in Sources */,
				906D00181F35A0AC003C7775 /* KVOLoadMoreView.m in Sources */,
				99B067E61F3C8A8A0023C47E /* MultEndStatusRefreshViewController.m in Sources */,
				9961F2381F443121003D8EFC /* HeaderKVORefreshView.m in Sources */,
				9961F2351F443057003D8EFC /* Footer.m in Sources */,
				906DFFE71F355D9A003C7775 /* main.m in Sources */,
				906D00031F356728003C7775 /* EGORefreshViewController.m in Sources */,
				99B067CF1F3B56960023C47E /* TestTableViewController.m in Sources */,
				906D001C1F396DA5003C7775 /* RefreshViewController.m in Sources */,
				99B067ED1F3D55060023C47E /* ObserverRefreshView.m in Sources */,
				9961F2211F43F170003D8EFC /* GroupKVORefreshView.m in Sources */,
				90D2AA5B1F397356005CB22B /* KVOAutoLoadMoreViewController.m in Sources */,
				9961F2161F42AC25003D8EFC /* ShorterThanScreenCanLoadMoreView.m in Sources */,
				9961F22B1F441ECD003D8EFC /* AlwaysBottomLoadMoreViewController.m in Sources */,
				99B067F31F3D553D0023C47E /* ScrollObserverViewController.m in Sources */,
				99B067F71F3D60E30023C47E /* ObserverRefreshContentView.m in Sources */,
			);
			runOnlyForDeploymentPostprocessing = 0;
		};
/* End PBXSourcesBuildPhase section */

/* Begin PBXVariantGroup section */
		906DFFEE1F355D9A003C7775 /* Main.storyboard */ = {
			isa = PBXVariantGroup;
			children = (
				906DFFEF1F355D9A003C7775 /* Base */,
			);
			name = Main.storyboard;
			sourceTree = "<group>";
		};
		906DFFF31F355D9A003C7775 /* LaunchScreen.storyboard */ = {
			isa = PBXVariantGroup;
			children = (
				906DFFF41F355D9A003C7775 /* Base */,
			);
			name = LaunchScreen.storyboard;
			sourceTree = "<group>";
		};
/* End PBXVariantGroup section */

/* Begin XCBuildConfiguration section */
		906DFFF71F355D9A003C7775 /* Debug */ = {
			isa = XCBuildConfiguration;
			buildSettings = {
				ALWAYS_SEARCH_USER_PATHS = NO;
				CLANG_ANALYZER_NONNULL = YES;
				CLANG_CXX_LANGUAGE_STANDARD = "gnu++0x";
				CLANG_CXX_LIBRARY = "libc++";
				CLANG_ENABLE_MODULES = YES;
				CLANG_ENABLE_OBJC_ARC = YES;
				CLANG_WARN_BOOL_CONVERSION = YES;
				CLANG_WARN_CONSTANT_CONVERSION = YES;
				CLANG_WARN_DIRECT_OBJC_ISA_USAGE = YES_ERROR;
				CLANG_WARN_DOCUMENTATION_COMMENTS = YES;
				CLANG_WARN_EMPTY_BODY = YES;
				CLANG_WARN_ENUM_CONVERSION = YES;
				CLANG_WARN_INFINITE_RECURSION = YES;
				CLANG_WARN_INT_CONVERSION = YES;
				CLANG_WARN_OBJC_ROOT_CLASS = YES_ERROR;
				CLANG_WARN_SUSPICIOUS_MOVES = YES;
				CLANG_WARN_UNREACHABLE_CODE = YES;
				CLANG_WARN__DUPLICATE_METHOD_MATCH = YES;
				"CODE_SIGN_IDENTITY[sdk=iphoneos*]" = "iPhone Developer";
				COPY_PHASE_STRIP = NO;
				DEBUG_INFORMATION_FORMAT = dwarf;
				ENABLE_STRICT_OBJC_MSGSEND = YES;
				ENABLE_TESTABILITY = YES;
				GCC_C_LANGUAGE_STANDARD = gnu99;
				GCC_DYNAMIC_NO_PIC = NO;
				GCC_NO_COMMON_BLOCKS = YES;
				GCC_OPTIMIZATION_LEVEL = 0;
				GCC_PREPROCESSOR_DEFINITIONS = (
					"DEBUG=1",
					"$(inherited)",
				);
				GCC_WARN_64_TO_32_BIT_CONVERSION = YES;
				GCC_WARN_ABOUT_RETURN_TYPE = YES_ERROR;
				GCC_WARN_UNDECLARED_SELECTOR = YES;
				GCC_WARN_UNINITIALIZED_AUTOS = YES_AGGRESSIVE;
				GCC_WARN_UNUSED_FUNCTION = YES;
				GCC_WARN_UNUSED_VARIABLE = YES;
				IPHONEOS_DEPLOYMENT_TARGET = 8.0;
				MTL_ENABLE_DEBUG_INFO = YES;
				ONLY_ACTIVE_ARCH = YES;
				SDKROOT = iphoneos;
				TARGETED_DEVICE_FAMILY = "1,2";
			};
			name = Debug;
		};
		906DFFF81F355D9A003C7775 /* Release */ = {
			isa = XCBuildConfiguration;
			buildSettings = {
				ALWAYS_SEARCH_USER_PATHS = NO;
				CLANG_ANALYZER_NONNULL = YES;
				CLANG_CXX_LANGUAGE_STANDARD = "gnu++0x";
				CLANG_CXX_LIBRARY = "libc++";
				CLANG_ENABLE_MODULES = YES;
				CLANG_ENABLE_OBJC_ARC = YES;
				CLANG_WARN_BOOL_CONVERSION = YES;
				CLANG_WARN_CONSTANT_CONVERSION = YES;
				CLANG_WARN_DIRECT_OBJC_ISA_USAGE = YES_ERROR;
				CLANG_WARN_DOCUMENTATION_COMMENTS = YES;
				CLANG_WARN_EMPTY_BODY = YES;
				CLANG_WARN_ENUM_CONVERSION = YES;
				CLANG_WARN_INFINITE_RECURSION = YES;
				CLANG_WARN_INT_CONVERSION = YES;
				CLANG_WARN_OBJC_ROOT_CLASS = YES_ERROR;
				CLANG_WARN_SUSPICIOUS_MOVES = YES;
				CLANG_WARN_UNREACHABLE_CODE = YES;
				CLANG_WARN__DUPLICATE_METHOD_MATCH = YES;
				"CODE_SIGN_IDENTITY[sdk=iphoneos*]" = "iPhone Developer";
				COPY_PHASE_STRIP = NO;
				DEBUG_INFORMATION_FORMAT = "dwarf-with-dsym";
				ENABLE_NS_ASSERTIONS = NO;
				ENABLE_STRICT_OBJC_MSGSEND = YES;
				GCC_C_LANGUAGE_STANDARD = gnu99;
				GCC_NO_COMMON_BLOCKS = YES;
				GCC_WARN_64_TO_32_BIT_CONVERSION = YES;
				GCC_WARN_ABOUT_RETURN_TYPE = YES_ERROR;
				GCC_WARN_UNDECLARED_SELECTOR = YES;
				GCC_WARN_UNINITIALIZED_AUTOS = YES_AGGRESSIVE;
				GCC_WARN_UNUSED_FUNCTION = YES;
				GCC_WARN_UNUSED_VARIABLE = YES;
				IPHONEOS_DEPLOYMENT_TARGET = 8.0;
				MTL_ENABLE_DEBUG_INFO = NO;
				SDKROOT = iphoneos;
				TARGETED_DEVICE_FAMILY = "1,2";
				VALIDATE_PRODUCT = YES;
			};
			name = Release;
		};
		906DFFFA1F355D9A003C7775 /* Debug */ = {
			isa = XCBuildConfiguration;
			buildSettings = {
				ASSETCATALOG_COMPILER_APPICON_NAME = AppIcon;
				INFOPLIST_FILE = MHelloListUI/Info.plist;
				LD_RUNPATH_SEARCH_PATHS = "$(inherited) @executable_path/Frameworks";
				PRODUCT_BUNDLE_IDENTIFIER = chenms.m2.MHelloListUI;
				PRODUCT_NAME = "$(TARGET_NAME)";
			};
			name = Debug;
		};
		906DFFFB1F355D9A003C7775 /* Release */ = {
			isa = XCBuildConfiguration;
			buildSettings = {
				ASSETCATALOG_COMPILER_APPICON_NAME = AppIcon;
				INFOPLIST_FILE = MHelloListUI/Info.plist;
				LD_RUNPATH_SEARCH_PATHS = "$(inherited) @executable_path/Frameworks";
				PRODUCT_BUNDLE_IDENTIFIER = chenms.m2.MHelloListUI;
				PRODUCT_NAME = "$(TARGET_NAME)";
			};
			name = Release;
		};
/* End XCBuildConfiguration section */

/* Begin XCConfigurationList section */
		906DFFDD1F355D9A003C7775 /* Build configuration list for PBXProject "MHelloListUI" */ = {
			isa = XCConfigurationList;
			buildConfigurations = (
				906DFFF71F355D9A003C7775 /* Debug */,
				906DFFF81F355D9A003C7775 /* Release */,
			);
			defaultConfigurationIsVisible = 0;
			defaultConfigurationName = Release;
		};
		906DFFF91F355D9A003C7775 /* Build configuration list for PBXNativeTarget "MHelloListUI" */ = {
			isa = XCConfigurationList;
			buildConfigurations = (
				906DFFFA1F355D9A003C7775 /* Debug */,
				906DFFFB1F355D9A003C7775 /* Release */,
			);
			defaultConfigurationIsVisible = 0;
			defaultConfigurationName = Release;
		};
/* End XCConfigurationList section */
	};
	rootObject = 906DFFDA1F355D9A003C7775 /* Project object */;
}
